
Microsoft Visual Studio Solution File, Format Version 12.00
# Visual Studio Version 17
VisualStudioVersion = 17.3.32901.215
MinimumVisualStudioVersion = 10.0.40219.1
Project("{FAE04EC0-301F-11D3-BF4B-00C04F79EFBC}") = "hextocoe", "hextocoe\hextocoe.csproj", "{394F1C0E-A5A7-4039-9A86-5F7E44F70014}"
EndProject
Global
	GlobalSection(SolutionConfigurationPlatforms) = preSolution
		Debug|Any CPU = Debug|Any CPU
		Debug|x64 = Debug|x64
		Release|Any CPU = Release|Any CPU
		Release|x64 = Release|x64
	EndGlobalSection
	GlobalSection(ProjectConfigurationPlatforms) = postSolution
		{394F1C0E-A5A7-4039-9A86-5F7E44F70014}.Debug|Any CPU.ActiveCfg = Debug|Any CPU
		{394F1C0E-A5A7-4039-9A86-5F7E44F70014}.Debug|Any CPU.Build.0 = Debug|Any CPU
		{394F1C0E-A5A7-4039-9A86-5F7E44F70014}.Debug|x64.ActiveCfg = Debug|x64
		{394F1C0E-A5A7-4039-9A86-5F7E44F70014}.Debug|x64.Build.0 = Debug|x64
		{394F1C0E-A5A7-4039-9A86-5F7E44F70014}.Release|Any CPU.ActiveCfg = Release|Any CPU
		{394F1C0E-A5A7-4039-9A86-5F7E44F70014}.Release|Any CPU.Build.0 = Release|Any CPU
		{394F1C0E-A5A7-4039-9A86-5F7E44F70014}.Release|x64.ActiveCfg = Release|x64
		{394F1C0E-A5A7-4039-9A86-5F7E44F70014}.Release|x64.Build.0 = Release|x64
	EndGlobalSection
	GlobalSection(SolutionProperties) = preSolution
		HideSolutionNode = FALSE
	EndGlobalSection
	GlobalSection(ExtensibilityGlobals) = postSolution
		SolutionGuid = {E2AC2B6B-EDBE-4126-B436-8565F96D2D06}
	EndGlobalSection
EndGlobal
